{
    "name": "redux-form-yup",
    "version": "0.0.1",
    "lockfileVersion": 1,
    "requires": true,
    "dependencies": {
        "case": {
            "version": "1.5.4",
            "resolved": "https://registry.npmjs.org/case/-/case-1.5.4.tgz",
            "integrity": "sha1-sgFkKq6eN0/rV1DRGBp2hQFTgww="
        },
        "fn-name": {
            "version": "1.0.1",
            "resolved": "https://registry.npmjs.org/fn-name/-/fn-name-1.0.1.tgz",
            "integrity": "sha1-3o2KFTiLM8vyFFeCFx9zdwxgMPA="
        },
        "is-array": {
            "version": "1.0.1",
            "resolved": "https://registry.npmjs.org/is-array/-/is-array-1.0.1.tgz",
            "integrity": "sha1-6YUMwsyGDDvAl36EzPDdRkWEJ5o="
        },
        "is-array-like": {
            "version": "1.1.2",
            "resolved": "https://registry.npmjs.org/is-array-like/-/is-array-like-1.1.2.tgz",
            "integrity": "sha1-fygKp3f1PrMfdOHc0+BAkjGGwgU=",
            "requires": {
                "is-array": "1.0.1",
                "is-function": "1.0.1",
                "is-window": "1.0.2"
            }
        },
        "is-function": {
            "version": "1.0.1",
            "resolved": "https://registry.npmjs.org/is-function/-/is-function-1.0.1.tgz",
            "integrity": "sha1-Es+5i2W1fdPRk6MSH19uL0N2ArU="
        },
        "is-index": {
            "version": "1.0.2",
            "resolved": "https://registry.npmjs.org/is-index/-/is-index-1.0.2.tgz",
            "integrity": "sha1-BhSFMwy8MJ6FDjJO4gcUVMEcavs=",
            "requires": {
                "is-nil": "1.0.1"
            }
        },
        "is-nil": {
            "version": "1.0.1",
            "resolved": "https://registry.npmjs.org/is-nil/-/is-nil-1.0.1.tgz",
            "integrity": "sha1-LauingtYUGOHXntTnQcfWxWTeWk="
        },
        "is-object": {
            "version": "1.0.1",
            "resolved": "https://registry.npmjs.org/is-object/-/is-object-1.0.1.tgz",
            "integrity": "sha1-iVJojF7C/9awPsyF52ngKQMINHA="
        },
        "is-symbol": {
            "version": "1.0.1",
            "resolved": "https://registry.npmjs.org/is-symbol/-/is-symbol-1.0.1.tgz",
            "integrity": "sha1-PMWfAAJRlLarLjjbrmaJJWtmBXI="
        },
        "is-window": {
            "version": "1.0.2",
            "resolved": "https://registry.npmjs.org/is-window/-/is-window-1.0.2.tgz",
            "integrity": "sha1-LIlspT25feRdPDMTOmXYyfVjSA0="
        },
        "lodash": {
            "version": "4.17.4",
            "resolved": "https://registry.npmjs.org/lodash/-/lodash-4.17.4.tgz",
            "integrity": "sha1-eCA6TRwyiuHYbcpkYONptX9AVa4="
        },
        "object-set": {
            "version": "1.0.1",
            "resolved": "https://registry.npmjs.org/object-set/-/object-set-1.0.1.tgz",
            "integrity": "sha1-9hEiL2iisE65gmwt9w4ABQ9NMKY=",
            "requires": {
                "is-index": "1.0.2",
                "is-nil": "1.0.1",
                "is-object": "1.0.1",
                "to-path": "1.0.1"
            }
        },
        "property-expr": {
            "version": "1.3.1",
            "resolved": "https://registry.npmjs.org/property-expr/-/property-expr-1.3.1.tgz",
            "integrity": "sha1-U/Svjs08bbAO2YuOD2r/vogPqgo="
        },
        "synchronous-promise": {
            "version": "1.0.18",
            "resolved": "https://registry.npmjs.org/synchronous-promise/-/synchronous-promise-1.0.18.tgz",
            "integrity": "sha512-UqMAK6BBBXu8qaDI5omlyV9iDpM9nQfgthaBOK0nlfXnMgiuOBv+meWG73CGeCCFRhOOOa2e4rvqYzfynzy5zg=="
        },
        "to-path": {
            "version": "1.0.1",
            "resolved": "https://registry.npmjs.org/to-path/-/to-path-1.0.1.tgz",
            "integrity": "sha1-reiESchVklqmRk4z/5LwuPxby4o=",
            "requires": {
                "is-array-like": "1.1.2",
                "is-nil": "1.0.1",
                "is-symbol": "1.0.1",
                "to-str": "1.0.0"
            }
        },
        "to-str": {
            "version": "1.0.0",
            "resolved": "https://registry.npmjs.org/to-str/-/to-str-1.0.0.tgz",
            "integrity": "sha1-kDQkj1b0OYBMH9RaPL6Bley2CPE=",
            "requires": {
                "is-function": "1.0.1",
                "is-nil": "1.0.1",
                "is-object": "1.0.1",
                "is-symbol": "1.0.1"
            }
        },
        "toposort": {
            "version": "0.2.12",
            "resolved": "https://registry.npmjs.org/toposort/-/toposort-0.2.12.tgz",
            "integrity": "sha1-x9KYTz1IwhcxXMMtdwiIt3lJHoE="
        },
        "type-name": {
            "version": "2.0.2",
            "resolved": "https://registry.npmjs.org/type-name/-/type-name-2.0.2.tgz",
            "integrity": "sha1-7+fUEj2KxSr/9/QMfk3sUmYAj7Q="
        },
        "typescript": {
            "version": "2.6.2",
            "resolved": "https://registry.npmjs.org/typescript/-/typescript-2.6.2.tgz",
            "integrity": "sha1-PFtv1/beCRQmkCfwPAlGdY92c6Q=",
            "dev": true
        },
        "yup": {
            "version": "0.23.0",
            "resolved": "https://registry.npmjs.org/yup/-/yup-0.23.0.tgz",
            "integrity": "sha512-sqEc4e7Ka0h5RY85Lh0aFIJ7CSTb/f1baO506Eu1GpFVfDA3iq7ZuyqnIthd+BGpMY7GIx9jsk2qqIFOlvQD4Q==",
            "requires": {
                "case": "1.5.4",
                "fn-name": "1.0.1",
                "lodash": "4.17.4",
                "property-expr": "1.3.1",
                "synchronous-promise": "1.0.18",
                "toposort": "0.2.12",
                "type-name": "2.0.2"
            }
        }
    }
}
